Microsoft Visual Studio Solution File, Format Version 12.00
# Visual Studio 2012
Project("{FAE04EC0-301F-11D3-BF4B-00C04F79EFBC}") = "3D Runner Game", "3D Runner Game.csproj", "{62215D15-9386-4AD2-A816-C9B86F5D402F}"
EndProject
Global
	GlobalSection(SolutionConfigurationPlatforms) = preSolution
	Debug|Any CPU = Debug|Any CPU
	Release|Any CPU = Release|Any CPU
	Tools|Any CPU = Tools|Any CPU
	EndGlobalSection
	GlobalSection(ProjectConfigurationPlatforms) = postSolution
		{62215D15-9386-4AD2-A816-C9B86F5D402F}.Debug|Any CPU.ActiveCfg = Debug|Any CPU
		{62215D15-9386-4AD2-A816-C9B86F5D402F}.Debug|Any CPU.Build.0 = Debug|Any CPU
		{62215D15-9386-4AD2-A816-C9B86F5D402F}.Release|Any CPU.ActiveCfg = Release|Any CPU
		{62215D15-9386-4AD2-A816-C9B86F5D402F}.Release|Any CPU.Build.0 = Release|Any CPU
		{62215D15-9386-4AD2-A816-C9B86F5D402F}.Tools|Any CPU.ActiveCfg = Tools|Any CPU
		{62215D15-9386-4AD2-A816-C9B86F5D402F}.Tools|Any CPU.Build.0 = Tools|Any CPU
	EndGlobalSection
EndGlobal
