Microsoft Visual Studio Solution File, Format Version 12.00
# Visual Studio 2012
Project("{FAE04EC0-301F-11D3-BF4B-00C04F79EFBC}") = "test3", "test3.csproj", "{5AB02BB5-1A32-441C-9446-41929CB2D0F4}"
EndProject
Global
	GlobalSection(SolutionConfigurationPlatforms) = preSolution
	Debug|Any CPU = Debug|Any CPU
	Release|Any CPU = Release|Any CPU
	Tools|Any CPU = Tools|Any CPU
	EndGlobalSection
	GlobalSection(ProjectConfigurationPlatforms) = postSolution
		{5AB02BB5-1A32-441C-9446-41929CB2D0F4}.Debug|Any CPU.ActiveCfg = Debug|Any CPU
		{5AB02BB5-1A32-441C-9446-41929CB2D0F4}.Debug|Any CPU.Build.0 = Debug|Any CPU
		{5AB02BB5-1A32-441C-9446-41929CB2D0F4}.Release|Any CPU.ActiveCfg = Release|Any CPU
		{5AB02BB5-1A32-441C-9446-41929CB2D0F4}.Release|Any CPU.Build.0 = Release|Any CPU
		{5AB02BB5-1A32-441C-9446-41929CB2D0F4}.Tools|Any CPU.ActiveCfg = Tools|Any CPU
		{5AB02BB5-1A32-441C-9446-41929CB2D0F4}.Tools|Any CPU.Build.0 = Tools|Any CPU
	EndGlobalSection
EndGlobal
